
Microsoft Visual Studio Solution File, Format Version 12.00
# Visual Studio Version 17
VisualStudioVersion = 17.11.35219.272
MinimumVisualStudioVersion = 10.0.40219.1
Project("{2150E333-8FDC-42A3-9474-1A3956D46DE8}") = "Services", "Services", "{9CB05D20-6D7A-4FE4-A58E-1C1A12DB4420}"
EndProject
Project("{2150E333-8FDC-42A3-9474-1A3956D46DE8}") = "Catalog", "Catalog", "{2F1B446A-1061-4771-A7B4-1728E4D33C77}"
EndProject
Project("{9A19103F-16F7-4668-BE54-9A1E7A4F7556}") = "Catalog.API", "Services\Catalog\Catalog.API\Catalog.API.csproj", "{291D9CAE-038C-4A1B-91C7-0CDAB5CFCC69}"
EndProject
Project("{9A19103F-16F7-4668-BE54-9A1E7A4F7556}") = "Catalog.Application", "Services\Catalog\Catalog.Application\Catalog.Application.csproj", "{EE65C407-CC58-4923-84DC-0A465B84107F}"
EndProject
Project("{9A19103F-16F7-4668-BE54-9A1E7A4F7556}") = "Catalog.Core", "Services\Catalog\Catalog.Core\Catalog.Core.csproj", "{C101D38E-127F-492A-9667-D5719F3DD357}"
EndProject
Project("{9A19103F-16F7-4668-BE54-9A1E7A4F7556}") = "Catalog.Infrastructure", "Services\Catalog\Catalog.Infrastructure\Catalog.Infrastructure.csproj", "{6EEFE9AA-94F5-4D23-9D74-9B1B67919AA9}"
EndProject
Project("{E53339B2-1760-4266-BCC7-CA923CBCF16C}") = "docker-compose", "docker-compose.dcproj", "{FC81FE01-5367-48CA-904B-85F204634C5B}"
EndProject
Project("{2150E333-8FDC-42A3-9474-1A3956D46DE8}") = "Basket", "Basket", "{F2E7D750-E266-4CE9-8AD8-5A66F23E16AF}"
EndProject
Project("{9A19103F-16F7-4668-BE54-9A1E7A4F7556}") = "Basket.API", "Services\Basket\Basket.API\Basket.API.csproj", "{C8A17A77-B479-45E1-A626-439F53404726}"
EndProject
Project("{9A19103F-16F7-4668-BE54-9A1E7A4F7556}") = "Basket.Core", "Services\Basket\Basket.Core\Basket.Core.csproj", "{2942B6DB-494A-470C-A682-232448F53604}"
EndProject
Project("{9A19103F-16F7-4668-BE54-9A1E7A4F7556}") = "Basket.Application", "Services\Basket\Basket.Application\Basket.Application.csproj", "{14FE7B1C-C79C-4AE5-8799-266C46AF0E33}"
EndProject
Project("{9A19103F-16F7-4668-BE54-9A1E7A4F7556}") = "Basket.Infrastructure", "Services\Basket\Basket.Infrastructure\Basket.Infrastructure.csproj", "{823BF6AA-1032-4DFA-9201-FE0607F9236E}"
EndProject
Project("{2150E333-8FDC-42A3-9474-1A3956D46DE8}") = "Discount", "Discount", "{CC877F25-89A7-4C98-814E-13791A1E8F82}"
EndProject
Project("{9A19103F-16F7-4668-BE54-9A1E7A4F7556}") = "Discount.API", "Services\Discount\Discount.API\Discount.API.csproj", "{5EFDF34D-5384-4DF7-8E56-BDCCB544CEDF}"
EndProject
Project("{9A19103F-16F7-4668-BE54-9A1E7A4F7556}") = "Discount.Core", "Services\Discount\Discount.Core\Discount.Core.csproj", "{ECA3B7E3-11AD-41C5-BEE7-D05B8AF6B27E}"
EndProject
Project("{9A19103F-16F7-4668-BE54-9A1E7A4F7556}") = "Discount.Application", "Services\Discount\Discount.Application\Discount.Application.csproj", "{3FF2C3F7-82CB-49FB-97A9-D8210FD8959E}"
EndProject
Project("{9A19103F-16F7-4668-BE54-9A1E7A4F7556}") = "Discount.Infrastructure", "Services\Discount\Discount.Infrastructure\Discount.Infrastructure.csproj", "{93C02E19-4696-4299-AF8E-1372125804B1}"
EndProject
Project("{2150E333-8FDC-42A3-9474-1A3956D46DE8}") = "Solution Items", "Solution Items", "{E8537555-1736-4CCD-BDAC-DA8EEB9E4823}"
	ProjectSection(SolutionItems) = preProject
		initDb.sql = initDb.sql
	EndProjectSection
EndProject
Project("{2150E333-8FDC-42A3-9474-1A3956D46DE8}") = "Ordering", "Ordering", "{48CE8395-EB20-44D2-A27C-04341CCF4516}"
EndProject
Project("{FAE04EC0-301F-11D3-BF4B-00C04F79EFBC}") = "Ordering.API", "Services\Ordering\Ordering.API\Ordering.API.csproj", "{E7E1EB4F-E137-49A4-BFB4-F18B1B224BCC}"
EndProject
Project("{FAE04EC0-301F-11D3-BF4B-00C04F79EFBC}") = "Ordering.Core", "Services\Ordering\Ordering.Core\Ordering.Core.csproj", "{6C1E1A6C-419C-42E8-8FF4-58EA6AAF1D27}"
EndProject
Project("{FAE04EC0-301F-11D3-BF4B-00C04F79EFBC}") = "Ordering.Application", "Services\Ordering\Ordering.Application\Ordering.Application.csproj", "{8E157B0F-ABE2-4914-81E8-DB6E53A642F0}"
EndProject
Project("{FAE04EC0-301F-11D3-BF4B-00C04F79EFBC}") = "Ordering.Infrastructure", "Services\Ordering\Ordering.Infrastructure\Ordering.Infrastructure.csproj", "{67E91B65-8027-4DEF-B0FD-5D24ED2BCB7A}"
EndProject
Global
	GlobalSection(SolutionConfigurationPlatforms) = preSolution
		Debug|Any CPU = Debug|Any CPU
		Release|Any CPU = Release|Any CPU
	EndGlobalSection
	GlobalSection(ProjectConfigurationPlatforms) = postSolution
		{291D9CAE-038C-4A1B-91C7-0CDAB5CFCC69}.Debug|Any CPU.ActiveCfg = Debug|Any CPU
		{291D9CAE-038C-4A1B-91C7-0CDAB5CFCC69}.Debug|Any CPU.Build.0 = Debug|Any CPU
		{291D9CAE-038C-4A1B-91C7-0CDAB5CFCC69}.Release|Any CPU.ActiveCfg = Release|Any CPU
		{291D9CAE-038C-4A1B-91C7-0CDAB5CFCC69}.Release|Any CPU.Build.0 = Release|Any CPU
		{EE65C407-CC58-4923-84DC-0A465B84107F}.Debug|Any CPU.ActiveCfg = Debug|Any CPU
		{EE65C407-CC58-4923-84DC-0A465B84107F}.Debug|Any CPU.Build.0 = Debug|Any CPU
		{EE65C407-CC58-4923-84DC-0A465B84107F}.Release|Any CPU.ActiveCfg = Release|Any CPU
		{EE65C407-CC58-4923-84DC-0A465B84107F}.Release|Any CPU.Build.0 = Release|Any CPU
		{C101D38E-127F-492A-9667-D5719F3DD357}.Debug|Any CPU.ActiveCfg = Debug|Any CPU
		{C101D38E-127F-492A-9667-D5719F3DD357}.Debug|Any CPU.Build.0 = Debug|Any CPU
		{C101D38E-127F-492A-9667-D5719F3DD357}.Release|Any CPU.ActiveCfg = Release|Any CPU
		{C101D38E-127F-492A-9667-D5719F3DD357}.Release|Any CPU.Build.0 = Release|Any CPU
		{6EEFE9AA-94F5-4D23-9D74-9B1B67919AA9}.Debug|Any CPU.ActiveCfg = Debug|Any CPU
		{6EEFE9AA-94F5-4D23-9D74-9B1B67919AA9}.Debug|Any CPU.Build.0 = Debug|Any CPU
		{6EEFE9AA-94F5-4D23-9D74-9B1B67919AA9}.Release|Any CPU.ActiveCfg = Release|Any CPU
		{6EEFE9AA-94F5-4D23-9D74-9B1B67919AA9}.Release|Any CPU.Build.0 = Release|Any CPU
		{FC81FE01-5367-48CA-904B-85F204634C5B}.Debug|Any CPU.ActiveCfg = Debug|Any CPU
		{FC81FE01-5367-48CA-904B-85F204634C5B}.Debug|Any CPU.Build.0 = Debug|Any CPU
		{FC81FE01-5367-48CA-904B-85F204634C5B}.Release|Any CPU.ActiveCfg = Release|Any CPU
		{FC81FE01-5367-48CA-904B-85F204634C5B}.Release|Any CPU.Build.0 = Release|Any CPU
		{C8A17A77-B479-45E1-A626-439F53404726}.Debug|Any CPU.ActiveCfg = Debug|Any CPU
		{C8A17A77-B479-45E1-A626-439F53404726}.Debug|Any CPU.Build.0 = Debug|Any CPU
		{C8A17A77-B479-45E1-A626-439F53404726}.Release|Any CPU.ActiveCfg = Release|Any CPU
		{C8A17A77-B479-45E1-A626-439F53404726}.Release|Any CPU.Build.0 = Release|Any CPU
		{2942B6DB-494A-470C-A682-232448F53604}.Debug|Any CPU.ActiveCfg = Debug|Any CPU
		{2942B6DB-494A-470C-A682-232448F53604}.Debug|Any CPU.Build.0 = Debug|Any CPU
		{2942B6DB-494A-470C-A682-232448F53604}.Release|Any CPU.ActiveCfg = Release|Any CPU
		{2942B6DB-494A-470C-A682-232448F53604}.Release|Any CPU.Build.0 = Release|Any CPU
		{14FE7B1C-C79C-4AE5-8799-266C46AF0E33}.Debug|Any CPU.ActiveCfg = Debug|Any CPU
		{14FE7B1C-C79C-4AE5-8799-266C46AF0E33}.Debug|Any CPU.Build.0 = Debug|Any CPU
		{14FE7B1C-C79C-4AE5-8799-266C46AF0E33}.Release|Any CPU.ActiveCfg = Release|Any CPU
		{14FE7B1C-C79C-4AE5-8799-266C46AF0E33}.Release|Any CPU.Build.0 = Release|Any CPU
		{823BF6AA-1032-4DFA-9201-FE0607F9236E}.Debug|Any CPU.ActiveCfg = Debug|Any CPU
		{823BF6AA-1032-4DFA-9201-FE0607F9236E}.Debug|Any CPU.Build.0 = Debug|Any CPU
		{823BF6AA-1032-4DFA-9201-FE0607F9236E}.Release|Any CPU.ActiveCfg = Release|Any CPU
		{823BF6AA-1032-4DFA-9201-FE0607F9236E}.Release|Any CPU.Build.0 = Release|Any CPU
		{5EFDF34D-5384-4DF7-8E56-BDCCB544CEDF}.Debug|Any CPU.ActiveCfg = Debug|Any CPU
		{5EFDF34D-5384-4DF7-8E56-BDCCB544CEDF}.Debug|Any CPU.Build.0 = Debug|Any CPU
		{5EFDF34D-5384-4DF7-8E56-BDCCB544CEDF}.Release|Any CPU.ActiveCfg = Release|Any CPU
		{5EFDF34D-5384-4DF7-8E56-BDCCB544CEDF}.Release|Any CPU.Build.0 = Release|Any CPU
		{ECA3B7E3-11AD-41C5-BEE7-D05B8AF6B27E}.Debug|Any CPU.ActiveCfg = Debug|Any CPU
		{ECA3B7E3-11AD-41C5-BEE7-D05B8AF6B27E}.Debug|Any CPU.Build.0 = Debug|Any CPU
		{ECA3B7E3-11AD-41C5-BEE7-D05B8AF6B27E}.Release|Any CPU.ActiveCfg = Release|Any CPU
		{ECA3B7E3-11AD-41C5-BEE7-D05B8AF6B27E}.Release|Any CPU.Build.0 = Release|Any CPU
		{3FF2C3F7-82CB-49FB-97A9-D8210FD8959E}.Debug|Any CPU.ActiveCfg = Debug|Any CPU
		{3FF2C3F7-82CB-49FB-97A9-D8210FD8959E}.Debug|Any CPU.Build.0 = Debug|Any CPU
		{3FF2C3F7-82CB-49FB-97A9-D8210FD8959E}.Release|Any CPU.ActiveCfg = Release|Any CPU
		{3FF2C3F7-82CB-49FB-97A9-D8210FD8959E}.Release|Any CPU.Build.0 = Release|Any CPU
		{93C02E19-4696-4299-AF8E-1372125804B1}.Debug|Any CPU.ActiveCfg = Debug|Any CPU
		{93C02E19-4696-4299-AF8E-1372125804B1}.Debug|Any CPU.Build.0 = Debug|Any CPU
		{93C02E19-4696-4299-AF8E-1372125804B1}.Release|Any CPU.ActiveCfg = Release|Any CPU
		{93C02E19-4696-4299-AF8E-1372125804B1}.Release|Any CPU.Build.0 = Release|Any CPU
		{E7E1EB4F-E137-49A4-BFB4-F18B1B224BCC}.Debug|Any CPU.ActiveCfg = Debug|Any CPU
		{E7E1EB4F-E137-49A4-BFB4-F18B1B224BCC}.Debug|Any CPU.Build.0 = Debug|Any CPU
		{E7E1EB4F-E137-49A4-BFB4-F18B1B224BCC}.Release|Any CPU.ActiveCfg = Release|Any CPU
		{E7E1EB4F-E137-49A4-BFB4-F18B1B224BCC}.Release|Any CPU.Build.0 = Release|Any CPU
		{6C1E1A6C-419C-42E8-8FF4-58EA6AAF1D27}.Debug|Any CPU.ActiveCfg = Debug|Any CPU
		{6C1E1A6C-419C-42E8-8FF4-58EA6AAF1D27}.Debug|Any CPU.Build.0 = Debug|Any CPU
		{6C1E1A6C-419C-42E8-8FF4-58EA6AAF1D27}.Release|Any CPU.ActiveCfg = Release|Any CPU
		{6C1E1A6C-419C-42E8-8FF4-58EA6AAF1D27}.Release|Any CPU.Build.0 = Release|Any CPU
		{8E157B0F-ABE2-4914-81E8-DB6E53A642F0}.Debug|Any CPU.ActiveCfg = Debug|Any CPU
		{8E157B0F-ABE2-4914-81E8-DB6E53A642F0}.Debug|Any CPU.Build.0 = Debug|Any CPU
		{8E157B0F-ABE2-4914-81E8-DB6E53A642F0}.Release|Any CPU.ActiveCfg = Release|Any CPU
		{8E157B0F-ABE2-4914-81E8-DB6E53A642F0}.Release|Any CPU.Build.0 = Release|Any CPU
		{67E91B65-8027-4DEF-B0FD-5D24ED2BCB7A}.Debug|Any CPU.ActiveCfg = Debug|Any CPU
		{67E91B65-8027-4DEF-B0FD-5D24ED2BCB7A}.Debug|Any CPU.Build.0 = Debug|Any CPU
		{67E91B65-8027-4DEF-B0FD-5D24ED2BCB7A}.Release|Any CPU.ActiveCfg = Release|Any CPU
		{67E91B65-8027-4DEF-B0FD-5D24ED2BCB7A}.Release|Any CPU.Build.0 = Release|Any CPU
	EndGlobalSection
	GlobalSection(SolutionProperties) = preSolution
		HideSolutionNode = FALSE
	EndGlobalSection
	GlobalSection(NestedProjects) = preSolution
		{2F1B446A-1061-4771-A7B4-1728E4D33C77} = {9CB05D20-6D7A-4FE4-A58E-1C1A12DB4420}
		{291D9CAE-038C-4A1B-91C7-0CDAB5CFCC69} = {2F1B446A-1061-4771-A7B4-1728E4D33C77}
		{EE65C407-CC58-4923-84DC-0A465B84107F} = {2F1B446A-1061-4771-A7B4-1728E4D33C77}
		{C101D38E-127F-492A-9667-D5719F3DD357} = {2F1B446A-1061-4771-A7B4-1728E4D33C77}
		{6EEFE9AA-94F5-4D23-9D74-9B1B67919AA9} = {2F1B446A-1061-4771-A7B4-1728E4D33C77}
		{F2E7D750-E266-4CE9-8AD8-5A66F23E16AF} = {9CB05D20-6D7A-4FE4-A58E-1C1A12DB4420}
		{C8A17A77-B479-45E1-A626-439F53404726} = {F2E7D750-E266-4CE9-8AD8-5A66F23E16AF}
		{2942B6DB-494A-470C-A682-232448F53604} = {F2E7D750-E266-4CE9-8AD8-5A66F23E16AF}
		{14FE7B1C-C79C-4AE5-8799-266C46AF0E33} = {F2E7D750-E266-4CE9-8AD8-5A66F23E16AF}
		{823BF6AA-1032-4DFA-9201-FE0607F9236E} = {F2E7D750-E266-4CE9-8AD8-5A66F23E16AF}
		{CC877F25-89A7-4C98-814E-13791A1E8F82} = {9CB05D20-6D7A-4FE4-A58E-1C1A12DB4420}
		{5EFDF34D-5384-4DF7-8E56-BDCCB544CEDF} = {CC877F25-89A7-4C98-814E-13791A1E8F82}
		{ECA3B7E3-11AD-41C5-BEE7-D05B8AF6B27E} = {CC877F25-89A7-4C98-814E-13791A1E8F82}
		{3FF2C3F7-82CB-49FB-97A9-D8210FD8959E} = {CC877F25-89A7-4C98-814E-13791A1E8F82}
		{93C02E19-4696-4299-AF8E-1372125804B1} = {CC877F25-89A7-4C98-814E-13791A1E8F82}
		{48CE8395-EB20-44D2-A27C-04341CCF4516} = {9CB05D20-6D7A-4FE4-A58E-1C1A12DB4420}
		{E7E1EB4F-E137-49A4-BFB4-F18B1B224BCC} = {48CE8395-EB20-44D2-A27C-04341CCF4516}
		{6C1E1A6C-419C-42E8-8FF4-58EA6AAF1D27} = {48CE8395-EB20-44D2-A27C-04341CCF4516}
		{8E157B0F-ABE2-4914-81E8-DB6E53A642F0} = {48CE8395-EB20-44D2-A27C-04341CCF4516}
		{67E91B65-8027-4DEF-B0FD-5D24ED2BCB7A} = {48CE8395-EB20-44D2-A27C-04341CCF4516}
	EndGlobalSection
	GlobalSection(ExtensibilityGlobals) = postSolution
		SolutionGuid = {28DA297A-BDAA-4570-A544-8AA44BC5118E}
	EndGlobalSection
EndGlobal
